{
    "_meta": {
        "hash": {
            "sha256": "baa4fe18ecff13569a3d74595078a4d0596c7d30f2a1ee0b1323813dbcfd7b2e"
        },
        "pipfile-spec": 6,
        "requires": {
            "python_full_version": "3.13.3",
            "python_version": "3.13"
        },
        "sources": [
            {
                "name": "pypi",
                "url": "https://pypi.org/simple",
                "verify_ssl": true
            }
        ]
    },
    "default": {},
    "develop": {}
}
